// !$*UTF8*$!
{
	archiveVersion = 1;
	classes = {
	};
	objectVersion = 50;
	objects = {

/* Begin PBXBuildFile section */
		18EC26C022C1403C0019F964 /* AppDelegate.swift in Sources */ = {isa = PBXBuildFile; fileRef = 18EC26BF22C1403C0019F964 /* AppDelegate.swift */; };
		18EC26C222C1403C0019F964 /* ViewController.swift in Sources */ = {isa = PBXBuildFile; fileRef = 18EC26C122C1403C0019F964 /* ViewController.swift */; };
		18EC26C522C1403C0019F964 /* Main.storyboard in Resources */ = {isa = PBXBuildFile; fileRef = 18EC26C322C1403C0019F964 /* Main.storyboard */; };
		18EC26C822C1403C0019F964 /* ViewFinder.xcdatamodeld in Sources */ = {isa = PBXBuildFile; fileRef = 18EC26C622C1403C0019F964 /* ViewFinder.xcdatamodeld */; };
		18EC26CA22C1403D0019F964 /* Assets.xcassets in Resources */ = {isa = PBXBuildFile; fileRef = 18EC26C922C1403D0019F964 /* Assets.xcassets */; };
		18EC26CD22C1403D0019F964 /* LaunchScreen.storyboard in Resources */ = {isa = PBXBuildFile; fileRef = 18EC26CB22C1403D0019F964 /* LaunchScreen.storyboard */; };
		18EC26D822C1403D0019F964 /* ViewFinderTests.swift in Sources */ = {isa = PBXBuildFile; fileRef = 18EC26D722C1403D0019F964 /* ViewFinderTests.swift */; };
		18EC26E322C1403D0019F964 /* ViewFinderUITests.swift in Sources */ = {isa = PBXBuildFile; fileRef = 18EC26E222C1403D0019F964 /* ViewFinderUITests.swift */; };
/* End PBXBuildFile section */

/* Begin PBXContainerItemProxy section */
		18EC26D422C1403D0019F964 /* PBXContainerItemProxy */ = {
			isa = PBXContainerItemProxy;
			containerPortal = 18EC26B422C1403C0019F964 /* Project object */;
			proxyType = 1;
			remoteGlobalIDString = 18EC26BB22C1403C0019F964;
			remoteInfo = ViewFinder;
		};
		18EC26DF22C1403D0019F964 /* PBXContainerItemProxy */ = {
			isa = PBXContainerItemProxy;
			containerPortal = 18EC26B422C1403C0019F964 /* Project object */;
			proxyType = 1;
			remoteGlobalIDString = 18EC26BB22C1403C0019F964;
			remoteInfo = ViewFinder;
		};
/* End PBXContainerItemProxy section */

/* Begin PBXFileReference section */
		18EC26BC22C1403C0019F964 /* ViewFinder.app */ = {isa = PBXFileReference; explicitFileType = wrapper.application; includeInIndex = 0; path = ViewFinder.app; sourceTree = BUILT_PRODUCTS_DIR; };
		18EC26BF22C1403C0019F964 /* AppDelegate.swift */ = {isa = PBXFileReference; lastKnownFileType = sourcecode.swift; path = AppDelegate.swift; sourceTree = "<group>"; };
		18EC26C122C1403C0019F964 /* ViewController.swift */ = {isa = PBXFileReference; lastKnownFileType = sourcecode.swift; path = ViewController.swift; sourceTree = "<group>"; };
		18EC26C422C1403C0019F964 /* Base */ = {isa = PBXFileReference; lastKnownFileType = file.storyboard; name = Base; path = Base.lproj/Main.storyboard; sourceTree = "<group>"; };
		18EC26C722C1403C0019F964 /* ViewFinder.xcdatamodel */ = {isa = PBXFileReference; lastKnownFileType = wrapper.xcdatamodel; path = ViewFinder.xcdatamodel; sourceTree = "<group>"; };
		18EC26C922C1403D0019F964 /* Assets.xcassets */ = {isa = PBXFileReference; lastKnownFileType = folder.assetcatalog; path = Assets.xcassets; sourceTree = "<group>"; };
		18EC26CC22C1403D0019F964 /* Base */ = {isa = PBXFileReference; lastKnownFileType = file.storyboard; name = Base; path = Base.lproj/LaunchScreen.storyboard; sourceTree = "<group>"; };
		18EC26CE22C1403D0019F964 /* Info.plist */ = {isa = PBXFileReference; lastKnownFileType = text.plist.xml; path = Info.plist; sourceTree = "<group>"; };
		18EC26D322C1403D0019F964 /* ViewFinderTests.xctest */ = {isa = PBXFileReference; explicitFileType = wrapper.cfbundle; includeInIndex = 0; path = ViewFinderTests.xctest; sourceTree = BUILT_PRODUCTS_DIR; };
		18EC26D722C1403D0019F964 /* ViewFinderTests.swift */ = {isa = PBXFileReference; lastKnownFileType = sourcecode.swift; path = ViewFinderTests.swift; sourceTree = "<group>"; };
		18EC26D922C1403D0019F964 /* Info.plist */ = {isa = PBXFileReference; lastKnownFileType = text.plist.xml; path = Info.plist; sourceTree = "<group>"; };
		18EC26DE22C1403D0019F964 /* ViewFinderUITests.xctest */ = {isa = PBXFileReference; explicitFileType = wrapper.cfbundle; includeInIndex = 0; path = ViewFinderUITests.xctest; sourceTree = BUILT_PRODUCTS_DIR; };
		18EC26E222C1403D0019F964 /* ViewFinderUITests.swift */ = {isa = PBXFileReference; lastKnownFileType = sourcecode.swift; path = ViewFinderUITests.swift; sourceTree = "<group>"; };
		18EC26E422C1403D0019F964 /* Info.plist */ = {isa = PBXFileReference; lastKnownFileType = text.plist.xml; path = Info.plist; sourceTree = "<group>"; };
/* End PBXFileReference section */

/* Begin PBXFrameworksBuildPhase section */
		18EC26B922C1403C0019F964 /* Frameworks */ = {
			isa = PBXFrameworksBuildPhase;
			buildActionMask = 2147483647;
			files = (
			);
			runOnlyForDeploymentPostprocessing = 0;
		};
		18EC26D022C1403D0019F964 /* Frameworks */ = {
			isa = PBXFrameworksBuildPhase;
			buildActionMask = 2147483647;
			files = (
			);
			runOnlyForDeploymentPostprocessing = 0;
		};
		18EC26DB22C1403D0019F964 /* Frameworks */ = {
			isa = PBXFrameworksBuildPhase;
			buildActionMask = 2147483647;
			files = (
			);
			runOnlyForDeploymentPostprocessing = 0;
		};
/* End PBXFrameworksBuildPhase section */

/* Begin PBXGroup section */
		18EC26B322C1403C0019F964 = {
			isa = PBXGroup;
			children = (
				18EC26BE22C1403C0019F964 /* ViewFinder */,
				18EC26D622C1403D0019F964 /* ViewFinderTests */,
				18EC26E122C1403D0019F964 /* ViewFinderUITests */,
				18EC26BD22C1403C0019F964 /* Products */,
			);
			sourceTree = "<group>";
		};
		18EC26BD22C1403C0019F964 /* Products */ = {
			isa = PBXGroup;
			children = (
				18EC26BC22C1403C0019F964 /* ViewFinder.app */,
				18EC26D322C1403D0019F964 /* ViewFinderTests.xctest */,
				18EC26DE22C1403D0019F964 /* ViewFinderUITests.xctest */,
			);
			name = Products;
			sourceTree = "<group>";
		};
		18EC26BE22C1403C0019F964 /* ViewFinder */ = {
			isa = PBXGroup;
			children = (
				18EC26BF22C1403C0019F964 /* AppDelegate.swift */,
				18EC26C122C1403C0019F964 /* ViewController.swift */,
				18EC26C322C1403C0019F964 /* Main.storyboard */,
				18EC26C922C1403D0019F964 /* Assets.xcassets */,
				18EC26CB22C1403D0019F964 /* LaunchScreen.storyboard */,
				18EC26CE22C1403D0019F964 /* Info.plist */,
				18EC26C622C1403C0019F964 /* ViewFinder.xcdatamodeld */,
			);
			path = ViewFinder;
			sourceTree = "<group>";
		};
		18EC26D622C1403D0019F964 /* ViewFinderTests */ = {
			isa = PBXGroup;
			children = (
				18EC26D722C1403D0019F964 /* ViewFinderTests.swift */,
				18EC26D922C1403D0019F964 /* Info.plist */,
			);
			path = ViewFinderTests;
			sourceTree = "<group>";
		};
		18EC26E122C1403D0019F964 /* ViewFinderUITests */ = {
			isa = PBXGroup;
			children = (
				18EC26E222C1403D0019F964 /* ViewFinderUITests.swift */,
				18EC26E422C1403D0019F964 /* Info.plist */,
			);
			path = ViewFinderUITests;
			sourceTree = "<group>";
		};
/* End PBXGroup section */

/* Begin PBXNativeTarget section */
		18EC26BB22C1403C0019F964 /* ViewFinder */ = {
			isa = PBXNativeTarget;
			buildConfigurationList = 18EC26E722C1403D0019F964 /* Build configuration list for PBXNativeTarget "ViewFinder" */;
			buildPhases = (
				18EC26B822C1403C0019F964 /* Sources */,
				18EC26B922C1403C0019F964 /* Frameworks */,
				18EC26BA22C1403C0019F964 /* Resources */,
			);
			buildRules = (
			);
			dependencies = (
			);
			name = ViewFinder;
			productName = ViewFinder;
			productReference = 18EC26BC22C1403C0019F964 /* ViewFinder.app */;
			productType = "com.apple.product-type.application";
		};
		18EC26D222C1403D0019F964 /* ViewFinderTests */ = {
			isa = PBXNativeTarget;
			buildConfigurationList = 18EC26EA22C1403D0019F964 /* Build configuration list for PBXNativeTarget "ViewFinderTests" */;
			buildPhases = (
				18EC26CF22C1403D0019F964 /* Sources */,
				18EC26D022C1403D0019F964 /* Frameworks */,
				18EC26D122C1403D0019F964 /* Resources */,
			);
			buildRules = (
			);
			dependencies = (
				18EC26D522C1403D0019F964 /* PBXTargetDependency */,
			);
			name = ViewFinderTests;
			productName = ViewFinderTests;
			productReference = 18EC26D322C1403D0019F964 /* ViewFinderTests.xctest */;
			productType = "com.apple.product-type.bundle.unit-test";
		};
		18EC26DD22C1403D0019F964 /* ViewFinderUITests */ = {
			isa = PBXNativeTarget;
			buildConfigurationList = 18EC26ED22C1403D0019F964 /* Build configuration list for PBXNativeTarget "ViewFinderUITests" */;
			buildPhases = (
				18EC26DA22C1403D0019F964 /* Sources */,
				18EC26DB22C1403D0019F964 /* Frameworks */,
				18EC26DC22C1403D0019F964 /* Resources */,
			);
			buildRules = (
			);
			dependencies = (
				18EC26E022C1403D0019F964 /* PBXTargetDependency */,
			);
			name = ViewFinderUITests;
			productName = ViewFinderUITests;
			productReference = 18EC26DE22C1403D0019F964 /* ViewFinderUITests.xctest */;
			productType = "com.apple.product-type.bundle.ui-testing";
		};
/* End PBXNativeTarget section */

/* Begin PBXProject section */
		18EC26B422C1403C0019F964 /* Project object */ = {
			isa = PBXProject;
			attributes = {
				LastSwiftUpdateCheck = 1020;
				LastUpgradeCheck = 1020;
				ORGANIZATIONNAME = Apple;
				TargetAttributes = {
					18EC26BB22C1403C0019F964 = {
						CreatedOnToolsVersion = 10.2.1;
					};
					18EC26D222C1403D0019F964 = {
						CreatedOnToolsVersion = 10.2.1;
						TestTargetID = 18EC26BB22C1403C0019F964;
					};
					18EC26DD22C1403D0019F964 = {
						CreatedOnToolsVersion = 10.2.1;
						TestTargetID = 18EC26BB22C1403C0019F964;
					};
				};
			};
			buildConfigurationList = 18EC26B722C1403C0019F964 /* Build configuration list for PBXProject "ViewFinder" */;
			compatibilityVersion = "Xcode 9.3";
			developmentRegion = en;
			hasScannedForEncodings = 0;
			knownRegions = (
				en,
				Base,
			);
			mainGroup = 18EC26B322C1403C0019F964;
			productRefGroup = 18EC26BD22C1403C0019F964 /* Products */;
			projectDirPath = "";
			projectRoot = "";
			targets = (
				18EC26BB22C1403C0019F964 /* ViewFinder */,
				18EC26D222C1403D0019F964 /* ViewFinderTests */,
				18EC26DD22C1403D0019F964 /* ViewFinderUITests */,
			);
		};
/* End PBXProject section */

/* Begin PBXResourcesBuildPhase section */
		18EC26BA22C1403C0019F964 /* Resources */ = {
			isa = PBXResourcesBuildPhase;
			buildActionMask = 2147483647;
			files = (
				18EC26CD22C1403D0019F964 /* LaunchScreen.storyboard in Resources */,
				18EC26CA22C1403D0019F964 /* Assets.xcassets in Resources */,
				18EC26C522C1403C0019F964 /* Main.storyboard in Resources */,
			);
			runOnlyForDeploymentPostprocessing = 0;
		};
		18EC26D122C1403D0019F964 /* Resources */ = {
			isa = PBXResourcesBuildPhase;
			buildActionMask = 2147483647;
			files = (
			);
			runOnlyForDeploymentPostprocessing = 0;
		};
		18EC26DC22C1403D0019F964 /* Resources */ = {
			isa = PBXResourcesBuildPhase;
			buildActionMask = 2147483647;
			files = (
			);
			runOnlyForDeploymentPostprocessing = 0;
		};
/* End PBXResourcesBuildPhase section */

/* Begin PBXSourcesBuildPhase section */
		18EC26B822C1403C0019F964 /* Sources */ = {
			isa = PBXSourcesBuildPhase;
			buildActionMask = 2147483647;
			files = (
				18EC26C822C1403C0019F964 /* ViewFinder.xcdatamodeld in Sources */,
				18EC26C222C1403C0019F964 /* ViewController.swift in Sources */,
				18EC26C022C1403C0019F964 /* AppDelegate.swift in Sources */,
			);
			runOnlyForDeploymentPostprocessing = 0;
		};
		18EC26CF22C1403D0019F964 /* Sources */ = {
			isa = PBXSourcesBuildPhase;
			buildActionMask = 2147483647;
			files = (
				18EC26D822C1403D0019F964 /* ViewFinderTests.swift in Sources */,
			);
			runOnlyForDeploymentPostprocessing = 0;
		};
		18EC26DA22C1403D0019F964 /* Sources */ = {
			isa = PBXSourcesBuildPhase;
			buildActionMask = 2147483647;
			files = (
				18EC26E322C1403D0019F964 /* ViewFinderUITests.swift in Sources */,
			);
			runOnlyForDeploymentPostprocessing = 0;
		};
/* End PBXSourcesBuildPhase section */

/* Begin PBXTargetDependency section */
		18EC26D522C1403D0019F964 /* PBXTargetDependency */ = {
			isa = PBXTargetDependency;
			target = 18EC26BB22C1403C0019F964 /* ViewFinder */;
			targetProxy = 18EC26D422C1403D0019F964 /* PBXContainerItemProxy */;
		};
		18EC26E022C1403D0019F964 /* PBXTargetDependency */ = {
			isa = PBXTargetDependency;
			target = 18EC26BB22C1403C0019F964 /* ViewFinder */;
			targetProxy = 18EC26DF22C1403D0019F964 /* PBXContainerItemProxy */;
		};
/* End PBXTargetDependency section */

/* Begin PBXVariantGroup section */
		18EC26C322C1403C0019F964 /* Main.storyboard */ = {
			isa = PBXVariantGroup;
			children = (
				18EC26C422C1403C0019F964 /* Base */,
			);
			name = Main.storyboard;
			sourceTree = "<group>";
		};
		18EC26CB22C1403D0019F964 /* LaunchScreen.storyboard */ = {
			isa = PBXVariantGroup;
			children = (
				18EC26CC22C1403D0019F964 /* Base */,
			);
			name = LaunchScreen.storyboard;
			sourceTree = "<group>";
		};
/* End PBXVariantGroup section */

/* Begin XCBuildConfiguration section */
		18EC26E522C1403D0019F964 /* Debug */ = {
			isa = XCBuildConfiguration;
			buildSettings = {
				ALWAYS_SEARCH_USER_PATHS = NO;
				CLANG_ANALYZER_NONNULL = YES;
				CLANG_ANALYZER_NUMBER_OBJECT_CONVERSION = YES_AGGRESSIVE;
				CLANG_CXX_LANGUAGE_STANDARD = "gnu++14";
				CLANG_CXX_LIBRARY = "libc++";
				CLANG_ENABLE_MODULES = YES;
				CLANG_ENABLE_OBJC_ARC = YES;
				CLANG_ENABLE_OBJC_WEAK = YES;
				CLANG_WARN_BLOCK_CAPTURE_AUTORELEASING = YES;
				CLANG_WARN_BOOL_CONVERSION = YES;
				CLANG_WARN_COMMA = YES;
				CLANG_WARN_CONSTANT_CONVERSION = YES;
				CLANG_WARN_DEPRECATED_OBJC_IMPLEMENTATIONS = YES;
				CLANG_WARN_DIRECT_OBJC_ISA_USAGE = YES_ERROR;
				CLANG_WARN_DOCUMENTATION_COMMENTS = YES;
				CLANG_WARN_EMPTY_BODY = YES;
				CLANG_WARN_ENUM_CONVERSION = YES;
				CLANG_WARN_INFINITE_RECURSION = YES;
				CLANG_WARN_INT_CONVERSION = YES;
				CLANG_WARN_NON_LITERAL_NULL_CONVERSION = YES;
				CLANG_WARN_OBJC_IMPLICIT_RETAIN_SELF = YES;
				CLANG_WARN_OBJC_LITERAL_CONVERSION = YES;
				CLANG_WARN_OBJC_ROOT_CLASS = YES_ERROR;
				CLANG_WARN_RANGE_LOOP_ANALYSIS = YES;
				CLANG_WARN_STRICT_PROTOTYPES = YES;
				CLANG_WARN_SUSPICIOUS_MOVE = YES;
				CLANG_WARN_UNGUARDED_AVAILABILITY = YES_AGGRESSIVE;
				CLANG_WARN_UNREACHABLE_CODE = YES;
				CLANG_WARN__DUPLICATE_METHOD_MATCH = YES;
				CODE_SIGN_IDENTITY = "iPhone Developer";
				COPY_PHASE_STRIP = NO;
				DEBUG_INFORMATION_FORMAT = dwarf;
				ENABLE_STRICT_OBJC_MSGSEND = YES;
				ENABLE_TESTABILITY = YES;
				GCC_C_LANGUAGE_STANDARD = gnu11;
				GCC_DYNAMIC_NO_PIC = NO;
				GCC_NO_COMMON_BLOCKS = YES;
				GCC_OPTIMIZATION_LEVEL = 0;
				GCC_PREPROCESSOR_DEFINITIONS = (
					"DEBUG=1",
					"$(inherited)",
				);
				GCC_WARN_64_TO_32_BIT_CONVERSION = YES;
				GCC_WARN_ABOUT_RETURN_TYPE = YES_ERROR;
				GCC_WARN_UNDECLARED_SELECTOR = YES;
				GCC_WARN_UNINITIALIZED_AUTOS = YES_AGGRESSIVE;
				GCC_WARN_UNUSED_FUNCTION = YES;
				GCC_WARN_UNUSED_VARIABLE = YES;
				IPHONEOS_DEPLOYMENT_TARGET = 12.2;
				MTL_ENABLE_DEBUG_INFO = INCLUDE_SOURCE;
				MTL_FAST_MATH = YES;
				ONLY_ACTIVE_ARCH = YES;
				SDKROOT = iphoneos;
				SWIFT_ACTIVE_COMPILATION_CONDITIONS = DEBUG;
				SWIFT_OPTIMIZATION_LEVEL = "-Onone";
			};
			name = Debug;
		};
		18EC26E622C1403D0019F964 /* Release */ = {
			isa = XCBuildConfiguration;
			buildSettings = {
				ALWAYS_SEARCH_USER_PATHS = NO;
				CLANG_ANALYZER_NONNULL = YES;
				CLANG_ANALYZER_NUMBER_OBJECT_CONVERSION = YES_AGGRESSIVE;
				CLANG_CXX_LANGUAGE_STANDARD = "gnu++14";
				CLANG_CXX_LIBRARY = "libc++";
				CLANG_ENABLE_MODULES = YES;
				CLANG_ENABLE_OBJC_ARC = YES;
				CLANG_ENABLE_OBJC_WEAK = YES;
				CLANG_WARN_BLOCK_CAPTURE_AUTORELEASING = YES;
				CLANG_WARN_BOOL_CONVERSION = YES;
				CLANG_WARN_COMMA = YES;
				CLANG_WARN_CONSTANT_CONVERSION = YES;
				CLANG_WARN_DEPRECATED_OBJC_IMPLEMENTATIONS = YES;
				CLANG_WARN_DIRECT_OBJC_ISA_USAGE = YES_ERROR;
				CLANG_WARN_DOCUMENTATION_COMMENTS = YES;
				CLANG_WARN_EMPTY_BODY = YES;
				CLANG_WARN_ENUM_CONVERSION = YES;
				CLANG_WARN_INFINITE_RECURSION = YES;
				CLANG_WARN_INT_CONVERSION = YES;
				CLANG_WARN_NON_LITERAL_NULL_CONVERSION = YES;
				CLANG_WARN_OBJC_IMPLICIT_RETAIN_SELF = YES;
				CLANG_WARN_OBJC_LITERAL_CONVERSION = YES;
				CLANG_WARN_OBJC_ROOT_CLASS = YES_ERROR;
				CLANG_WARN_RANGE_LOOP_ANALYSIS = YES;
				CLANG_WARN_STRICT_PROTOTYPES = YES;
				CLANG_WARN_SUSPICIOUS_MOVE = YES;
				CLANG_WARN_UNGUARDED_AVAILABILITY = YES_AGGRESSIVE;
				CLANG_WARN_UNREACHABLE_CODE = YES;
				CLANG_WARN__DUPLICATE_METHOD_MATCH = YES;
				CODE_SIGN_IDENTITY = "iPhone Developer";
				COPY_PHASE_STRIP = NO;
				DEBUG_INFORMATION_FORMAT = "dwarf-with-dsym";
				ENABLE_NS_ASSERTIONS = NO;
				ENABLE_STRICT_OBJC_MSGSEND = YES;
				GCC_C_LANGUAGE_STANDARD = gnu11;
				GCC_NO_COMMON_BLOCKS = YES;
				GCC_WARN_64_TO_32_BIT_CONVERSION = YES;
				GCC_WARN_ABOUT_RETURN_TYPE = YES_ERROR;
				GCC_WARN_UNDECLARED_SELECTOR = YES;
				GCC_WARN_UNINITIALIZED_AUTOS = YES_AGGRESSIVE;
				GCC_WARN_UNUSED_FUNCTION = YES;
				GCC_WARN_UNUSED_VARIABLE = YES;
				IPHONEOS_DEPLOYMENT_TARGET = 12.2;
				MTL_ENABLE_DEBUG_INFO = NO;
				MTL_FAST_MATH = YES;
				SDKROOT = iphoneos;
				SWIFT_COMPILATION_MODE = wholemodule;
				SWIFT_OPTIMIZATION_LEVEL = "-O";
				VALIDATE_PRODUCT = YES;
			};
			name = Release;
		};
		18EC26E822C1403D0019F964 /* Debug */ = {
			isa = XCBuildConfiguration;
			buildSettings = {
				ASSETCATALOG_COMPILER_APPICON_NAME = AppIcon;
				CODE_SIGN_STYLE = Automatic;
				INFOPLIST_FILE = ViewFinder/Info.plist;
				LD_RUNPATH_SEARCH_PATHS = (
					"$(inherited)",
					"@executable_path/Frameworks",
				);
				PRODUCT_BUNDLE_IDENTIFIER = "Elif-Su.ViewFinder";
				PRODUCT_NAME = "$(TARGET_NAME)";
				SWIFT_VERSION = 5.0;
				TARGETED_DEVICE_FAMILY = "1,2";
			};
			name = Debug;
		};
		18EC26E922C1403D0019F964 /* Release */ = {
			isa = XCBuildConfiguration;
			buildSettings = {
				ASSETCATALOG_COMPILER_APPICON_NAME = AppIcon;
				CODE_SIGN_STYLE = Automatic;
				INFOPLIST_FILE = ViewFinder/Info.plist;
				LD_RUNPATH_SEARCH_PATHS = (
					"$(inherited)",
					"@executable_path/Frameworks",
				);
				PRODUCT_BUNDLE_IDENTIFIER = "Elif-Su.ViewFinder";
				PRODUCT_NAME = "$(TARGET_NAME)";
				SWIFT_VERSION = 5.0;
				TARGETED_DEVICE_FAMILY = "1,2";
			};
			name = Release;
		};
		18EC26EB22C1403D0019F964 /* Debug */ = {
			isa = XCBuildConfiguration;
			buildSettings = {
				ALWAYS_EMBED_SWIFT_STANDARD_LIBRARIES = YES;
				BUNDLE_LOADER = "$(TEST_HOST)";
				CODE_SIGN_STYLE = Automatic;
				INFOPLIST_FILE = ViewFinderTests/Info.plist;
				LD_RUNPATH_SEARCH_PATHS = (
					"$(inherited)",
					"@executable_path/Frameworks",
					"@loader_path/Frameworks",
				);
				PRODUCT_BUNDLE_IDENTIFIER = "Elif-Su.ViewFinderTests";
				PRODUCT_NAME = "$(TARGET_NAME)";
				SWIFT_VERSION = 5.0;
				TARGETED_DEVICE_FAMILY = "1,2";
				TEST_HOST = "$(BUILT_PRODUCTS_DIR)/ViewFinder.app/ViewFinder";
			};
			name = Debug;
		};
		18EC26EC22C1403D0019F964 /* Release */ = {
			isa = XCBuildConfiguration;
			buildSettings = {
				ALWAYS_EMBED_SWIFT_STANDARD_LIBRARIES = YES;
				BUNDLE_LOADER = "$(TEST_HOST)";
				CODE_SIGN_STYLE = Automatic;
				INFOPLIST_FILE = ViewFinderTests/Info.plist;
				LD_RUNPATH_SEARCH_PATHS = (
					"$(inherited)",
					"@executable_path/Frameworks",
					"@loader_path/Frameworks",
				);
				PRODUCT_BUNDLE_IDENTIFIER = "Elif-Su.ViewFinderTests";
				PRODUCT_NAME = "$(TARGET_NAME)";
				SWIFT_VERSION = 5.0;
				TARGETED_DEVICE_FAMILY = "1,2";
				TEST_HOST = "$(BUILT_PRODUCTS_DIR)/ViewFinder.app/ViewFinder";
			};
			name = Release;
		};
		18EC26EE22C1403D0019F964 /* Debug */ = {
			isa = XCBuildConfiguration;
			buildSettings = {
				ALWAYS_EMBED_SWIFT_STANDARD_LIBRARIES = YES;
				CODE_SIGN_STYLE = Automatic;
				INFOPLIST_FILE = ViewFinderUITests/Info.plist;
				LD_RUNPATH_SEARCH_PATHS = (
					"$(inherited)",
					"@executable_path/Frameworks",
					"@loader_path/Frameworks",
				);
				PRODUCT_BUNDLE_IDENTIFIER = "Elif-Su.ViewFinderUITests";
				PRODUCT_NAME = "$(TARGET_NAME)";
				SWIFT_VERSION = 5.0;
				TARGETED_DEVICE_FAMILY = "1,2";
				TEST_TARGET_NAME = ViewFinder;
			};
			name = Debug;
		};
		18EC26EF22C1403D0019F964 /* Release */ = {
			isa = XCBuildConfiguration;
			buildSettings = {
				ALWAYS_EMBED_SWIFT_STANDARD_LIBRARIES = YES;
				CODE_SIGN_STYLE = Automatic;
				INFOPLIST_FILE = ViewFinderUITests/Info.plist;
				LD_RUNPATH_SEARCH_PATHS = (
					"$(inherited)",
					"@executable_path/Frameworks",
					"@loader_path/Frameworks",
				);
				PRODUCT_BUNDLE_IDENTIFIER = "Elif-Su.ViewFinderUITests";
				PRODUCT_NAME = "$(TARGET_NAME)";
				SWIFT_VERSION = 5.0;
				TARGETED_DEVICE_FAMILY = "1,2";
				TEST_TARGET_NAME = ViewFinder;
			};
			name = Release;
		};
/* End XCBuildConfiguration section */

/* Begin XCConfigurationList section */
		18EC26B722C1403C0019F964 /* Build configuration list for PBXProject "ViewFinder" */ = {
			isa = XCConfigurationList;
			buildConfigurations = (
				18EC26E522C1403D0019F964 /* Debug */,
				18EC26E622C1403D0019F964 /* Release */,
			);
			defaultConfigurationIsVisible = 0;
			defaultConfigurationName = Release;
		};
		18EC26E722C1403D0019F964 /* Build configuration list for PBXNativeTarget "ViewFinder" */ = {
			isa = XCConfigurationList;
			buildConfigurations = (
				18EC26E822C1403D0019F964 /* Debug */,
				18EC26E922C1403D0019F964 /* Release */,
			);
			defaultConfigurationIsVisible = 0;
			defaultConfigurationName = Release;
		};
		18EC26EA22C1403D0019F964 /* Build configuration list for PBXNativeTarget "ViewFinderTests" */ = {
			isa = XCConfigurationList;
			buildConfigurations = (
				18EC26EB22C1403D0019F964 /* Debug */,
				18EC26EC22C1403D0019F964 /* Release */,
			);
			defaultConfigurationIsVisible = 0;
			defaultConfigurationName = Release;
		};
		18EC26ED22C1403D0019F964 /* Build configuration list for PBXNativeTarget "ViewFinderUITests" */ = {
			isa = XCConfigurationList;
			buildConfigurations = (
				18EC26EE22C1403D0019F964 /* Debug */,
				18EC26EF22C1403D0019F964 /* Release */,
			);
			defaultConfigurationIsVisible = 0;
			defaultConfigurationName = Release;
		};
/* End XCConfigurationList section */

/* Begin XCVersionGroup section */
		18EC26C622C1403C0019F964 /* ViewFinder.xcdatamodeld */ = {
			isa = XCVersionGroup;
			children = (
				18EC26C722C1403C0019F964 /* ViewFinder.xcdatamodel */,
			);
			currentVersion = 18EC26C722C1403C0019F964 /* ViewFinder.xcdatamodel */;
			path = ViewFinder.xcdatamodeld;
			sourceTree = "<group>";
			versionGroupType = wrapper.xcdatamodel;
		};
/* End XCVersionGroup section */
	};
	rootObject = 18EC26B422C1403C0019F964 /* Project object */;
}
